
Microsoft Visual Studio Solution File, Format Version 12.00
# Visual Studio 15
VisualStudioVersion = 15.0.27428.2037
MinimumVisualStudioVersion = 10.0.40219.1
Project("{9A19103F-16F7-4668-BE54-9A1E7A4F7556}") = "BlitzkriegSoftware.PCF.CFEnvParser.Test", "BlitzkriegSoftware.PCF.CFEnvParser.Test\BlitzkriegSoftware.PCF.CFEnvParser.Test.csproj", "{83D62943-2998-495D-A8AC-A55A8DA0AA24}"
EndProject
Project("{9A19103F-16F7-4668-BE54-9A1E7A4F7556}") = "BlitzkriegSoftware.PCF.CFEnvParser.Console", "BlitzkriegSoftware.PCF.CFEnvParser.Console\BlitzkriegSoftware.PCF.CFEnvParser.Console.csproj", "{94EB0C42-238D-4B57-B18E-2D966B909219}"
EndProject
Project("{9A19103F-16F7-4668-BE54-9A1E7A4F7556}") = "BlitzkriegSoftware.PCF.CFEnvParser.Web", "BlitzkriegSoftware.PCF.CFEnvParser.Web\BlitzkriegSoftware.PCF.CFEnvParser.Web.csproj", "{2248707A-7FFE-4A81-B3F7-136D71112760}"
EndProject
Project("{9A19103F-16F7-4668-BE54-9A1E7A4F7556}") = "BlitzkriegSoftware.PCF.CFEnvParser", "BlitzkriegSoftware.PCF.CFEnvParser\BlitzkriegSoftware.PCF.CFEnvParser.csproj", "{116E1387-707B-4A99-AB77-87DD9713D412}"
EndProject
Project("{2150E333-8FDC-42A3-9474-1A3956D46DE8}") = "UPS", "UPS", "{A71400C7-D924-4DBD-B02D-80E17F87A2A8}"
	ProjectSection(SolutionItems) = preProject
		UPS\vcapdemo-service01.json = UPS\vcapdemo-service01.json
		UPS\vcapdemo-service02.json = UPS\vcapdemo-service02.json
	EndProjectSection
EndProject
Global
	GlobalSection(SolutionConfigurationPlatforms) = preSolution
		Debug|Any CPU = Debug|Any CPU
		Release|Any CPU = Release|Any CPU
	EndGlobalSection
	GlobalSection(ProjectConfigurationPlatforms) = postSolution
		{83D62943-2998-495D-A8AC-A55A8DA0AA24}.Debug|Any CPU.ActiveCfg = Debug|Any CPU
		{83D62943-2998-495D-A8AC-A55A8DA0AA24}.Debug|Any CPU.Build.0 = Debug|Any CPU
		{83D62943-2998-495D-A8AC-A55A8DA0AA24}.Release|Any CPU.ActiveCfg = Release|Any CPU
		{83D62943-2998-495D-A8AC-A55A8DA0AA24}.Release|Any CPU.Build.0 = Release|Any CPU
		{94EB0C42-238D-4B57-B18E-2D966B909219}.Debug|Any CPU.ActiveCfg = Debug|Any CPU
		{94EB0C42-238D-4B57-B18E-2D966B909219}.Debug|Any CPU.Build.0 = Debug|Any CPU
		{94EB0C42-238D-4B57-B18E-2D966B909219}.Release|Any CPU.ActiveCfg = Release|Any CPU
		{94EB0C42-238D-4B57-B18E-2D966B909219}.Release|Any CPU.Build.0 = Release|Any CPU
		{2248707A-7FFE-4A81-B3F7-136D71112760}.Debug|Any CPU.ActiveCfg = Debug|Any CPU
		{2248707A-7FFE-4A81-B3F7-136D71112760}.Debug|Any CPU.Build.0 = Debug|Any CPU
		{2248707A-7FFE-4A81-B3F7-136D71112760}.Release|Any CPU.ActiveCfg = Release|Any CPU
		{2248707A-7FFE-4A81-B3F7-136D71112760}.Release|Any CPU.Build.0 = Release|Any CPU
		{116E1387-707B-4A99-AB77-87DD9713D412}.Debug|Any CPU.ActiveCfg = Debug|Any CPU
		{116E1387-707B-4A99-AB77-87DD9713D412}.Debug|Any CPU.Build.0 = Debug|Any CPU
		{116E1387-707B-4A99-AB77-87DD9713D412}.Release|Any CPU.ActiveCfg = Release|Any CPU
		{116E1387-707B-4A99-AB77-87DD9713D412}.Release|Any CPU.Build.0 = Release|Any CPU
	EndGlobalSection
	GlobalSection(SolutionProperties) = preSolution
		HideSolutionNode = FALSE
	EndGlobalSection
	GlobalSection(ExtensibilityGlobals) = postSolution
		SolutionGuid = {7A8D3990-93B3-4048-A9B4-CE5FD30862BC}
	EndGlobalSection
EndGlobal
